
Microsoft Visual Studio Solution File, Format Version 12.00
# Visual Studio Version 16
VisualStudioVersion = 16.0.33027.164
MinimumVisualStudioVersion = 10.0.40219.1
Project("{9A19103F-16F7-4668-BE54-9A1E7A4F7556}") = "Bannerlord.Templates.Kaoses", "src\Bannerlord.Templates.Kaoses.csproj", "{DC204504-14CA-4707-9FB4-2E44D5E28401}"
EndProject
Global
	GlobalSection(SolutionConfigurationPlatforms) = preSolution
		Debug|Any CPU = Debug|Any CPU
		Release|Any CPU = Release|Any CPU
	EndGlobalSection
	GlobalSection(ProjectConfigurationPlatforms) = postSolution
		{DC204504-14CA-4707-9FB4-2E44D5E28401}.Debug|Any CPU.ActiveCfg = Debug|Any CPU
		{DC204504-14CA-4707-9FB4-2E44D5E28401}.Debug|Any CPU.Build.0 = Debug|Any CPU
		{DC204504-14CA-4707-9FB4-2E44D5E28401}.Release|Any CPU.ActiveCfg = Release|Any CPU
		{DC204504-14CA-4707-9FB4-2E44D5E28401}.Release|Any CPU.Build.0 = Release|Any CPU
	EndGlobalSection
	GlobalSection(SolutionProperties) = preSolution
		HideSolutionNode = FALSE
	EndGlobalSection
	GlobalSection(ExtensibilityGlobals) = postSolution
		SolutionGuid = {5239A729-539C-4DAE-BC75-4C270F61F19B}
	EndGlobalSection
EndGlobal
